# THIS IS AN AUTOGENERATED FILE. DO NOT EDIT THIS FILE DIRECTLY.
# yarn lockfile v1


io-ts@^2.2.1:
  version "2.2.1"
  resolved "https://registry.yarnpkg.com/io-ts/-/io-ts-2.2.1.tgz#d8cb21a23cf8fbe697d78445a65bab42c0eb467f"
  integrity sha512-RufppkTV58MfDKF2gXlHVBvi+WIyL7nUcAQMkJ1O3SiQcqwlxf6dBOJP/LV19UxHRkGKJZ6ImSj7LqYcELIejQ==
